
Microsoft Visual Studio Solution File, Format Version 12.00
# Visual Studio Version 17
VisualStudioVersion = 17.4.33103.184
MinimumVisualStudioVersion = 10.0.40219.1
Project("{FAE04EC0-301F-11D3-BF4B-00C04F79EFBC}") = "Passless", "Passless\Passless.csproj", "{5106DB76-B63C-4A3D-A004-56343393F1FD}"
EndProject
Project("{FAE04EC0-301F-11D3-BF4B-00C04F79EFBC}") = "Passless.Konsole", "Passless.Konsole\Passless.Konsole.csproj", "{CDE2CD11-4D3E-4CD9-ACB7-980B2EBBAA6A}"
EndProject
Project("{FAE04EC0-301F-11D3-BF4B-00C04F79EFBC}") = "Passless.FormWPF", "Passless.FormWPF\Passless.FormWPF.csproj", "{2423F29E-DD9A-40E6-8343-DEEC5CC4EAED}"
EndProject
Project("{FAE04EC0-301F-11D3-BF4B-00C04F79EFBC}") = "Passless.Gpg.NET", "Gpg.NET\Passless.Gpg.NET.csproj", "{7C6D8ABD-45B8-496B-923B-79D2D0D92458}"
EndProject
Project("{FAE04EC0-301F-11D3-BF4B-00C04F79EFBC}") = "Passless.WinForm", "Passless.WinForm\Passless.WinForm.csproj", "{EFB2EC78-22C4-41F4-AD4F-C1739D10B294}"
EndProject
Project("{FAE04EC0-301F-11D3-BF4B-00C04F79EFBC}") = "Passless.CryptoPRO", "Passless.CryptoPRO\Passless.CryptoPRO.csproj", "{DB95921B-5C22-4235-A2D6-C652E1A8A123}"
EndProject
Global
	GlobalSection(SolutionConfigurationPlatforms) = preSolution
		Debug|Any CPU = Debug|Any CPU
		Debug|x86 = Debug|x86
		Release|Any CPU = Release|Any CPU
		Release|x86 = Release|x86
	EndGlobalSection
	GlobalSection(ProjectConfigurationPlatforms) = postSolution
		{5106DB76-B63C-4A3D-A004-56343393F1FD}.Debug|Any CPU.ActiveCfg = Debug|Any CPU
		{5106DB76-B63C-4A3D-A004-56343393F1FD}.Debug|Any CPU.Build.0 = Debug|Any CPU
		{5106DB76-B63C-4A3D-A004-56343393F1FD}.Debug|x86.ActiveCfg = Debug|Any CPU
		{5106DB76-B63C-4A3D-A004-56343393F1FD}.Debug|x86.Build.0 = Debug|Any CPU
		{5106DB76-B63C-4A3D-A004-56343393F1FD}.Release|Any CPU.ActiveCfg = Release|Any CPU
		{5106DB76-B63C-4A3D-A004-56343393F1FD}.Release|Any CPU.Build.0 = Release|Any CPU
		{5106DB76-B63C-4A3D-A004-56343393F1FD}.Release|x86.ActiveCfg = Release|Any CPU
		{5106DB76-B63C-4A3D-A004-56343393F1FD}.Release|x86.Build.0 = Release|Any CPU
		{CDE2CD11-4D3E-4CD9-ACB7-980B2EBBAA6A}.Debug|Any CPU.ActiveCfg = Debug|Any CPU
		{CDE2CD11-4D3E-4CD9-ACB7-980B2EBBAA6A}.Debug|Any CPU.Build.0 = Debug|Any CPU
		{CDE2CD11-4D3E-4CD9-ACB7-980B2EBBAA6A}.Debug|x86.ActiveCfg = Debug|Any CPU
		{CDE2CD11-4D3E-4CD9-ACB7-980B2EBBAA6A}.Debug|x86.Build.0 = Debug|Any CPU
		{CDE2CD11-4D3E-4CD9-ACB7-980B2EBBAA6A}.Release|Any CPU.ActiveCfg = Release|Any CPU
		{CDE2CD11-4D3E-4CD9-ACB7-980B2EBBAA6A}.Release|Any CPU.Build.0 = Release|Any CPU
		{CDE2CD11-4D3E-4CD9-ACB7-980B2EBBAA6A}.Release|x86.ActiveCfg = Release|Any CPU
		{CDE2CD11-4D3E-4CD9-ACB7-980B2EBBAA6A}.Release|x86.Build.0 = Release|Any CPU
		{2423F29E-DD9A-40E6-8343-DEEC5CC4EAED}.Debug|Any CPU.ActiveCfg = Debug|Any CPU
		{2423F29E-DD9A-40E6-8343-DEEC5CC4EAED}.Debug|Any CPU.Build.0 = Debug|Any CPU
		{2423F29E-DD9A-40E6-8343-DEEC5CC4EAED}.Debug|x86.ActiveCfg = Debug|Any CPU
		{2423F29E-DD9A-40E6-8343-DEEC5CC4EAED}.Debug|x86.Build.0 = Debug|Any CPU
		{2423F29E-DD9A-40E6-8343-DEEC5CC4EAED}.Release|Any CPU.ActiveCfg = Release|Any CPU
		{2423F29E-DD9A-40E6-8343-DEEC5CC4EAED}.Release|Any CPU.Build.0 = Release|Any CPU
		{2423F29E-DD9A-40E6-8343-DEEC5CC4EAED}.Release|x86.ActiveCfg = Release|Any CPU
		{2423F29E-DD9A-40E6-8343-DEEC5CC4EAED}.Release|x86.Build.0 = Release|Any CPU
		{7C6D8ABD-45B8-496B-923B-79D2D0D92458}.Debug|Any CPU.ActiveCfg = Debug|x86
		{7C6D8ABD-45B8-496B-923B-79D2D0D92458}.Debug|Any CPU.Build.0 = Debug|x86
		{7C6D8ABD-45B8-496B-923B-79D2D0D92458}.Debug|x86.ActiveCfg = Debug|x86
		{7C6D8ABD-45B8-496B-923B-79D2D0D92458}.Debug|x86.Build.0 = Debug|x86
		{7C6D8ABD-45B8-496B-923B-79D2D0D92458}.Release|Any CPU.ActiveCfg = Release|x86
		{7C6D8ABD-45B8-496B-923B-79D2D0D92458}.Release|Any CPU.Build.0 = Release|x86
		{7C6D8ABD-45B8-496B-923B-79D2D0D92458}.Release|x86.ActiveCfg = Release|x86
		{7C6D8ABD-45B8-496B-923B-79D2D0D92458}.Release|x86.Build.0 = Release|x86
		{EFB2EC78-22C4-41F4-AD4F-C1739D10B294}.Debug|Any CPU.ActiveCfg = Debug|Any CPU
		{EFB2EC78-22C4-41F4-AD4F-C1739D10B294}.Debug|Any CPU.Build.0 = Debug|Any CPU
		{EFB2EC78-22C4-41F4-AD4F-C1739D10B294}.Debug|x86.ActiveCfg = Debug|Any CPU
		{EFB2EC78-22C4-41F4-AD4F-C1739D10B294}.Debug|x86.Build.0 = Debug|Any CPU
		{EFB2EC78-22C4-41F4-AD4F-C1739D10B294}.Release|Any CPU.ActiveCfg = Release|Any CPU
		{EFB2EC78-22C4-41F4-AD4F-C1739D10B294}.Release|Any CPU.Build.0 = Release|Any CPU
		{EFB2EC78-22C4-41F4-AD4F-C1739D10B294}.Release|x86.ActiveCfg = Release|Any CPU
		{EFB2EC78-22C4-41F4-AD4F-C1739D10B294}.Release|x86.Build.0 = Release|Any CPU
		{DB95921B-5C22-4235-A2D6-C652E1A8A123}.Debug|Any CPU.ActiveCfg = Debug|Any CPU
		{DB95921B-5C22-4235-A2D6-C652E1A8A123}.Debug|Any CPU.Build.0 = Debug|Any CPU
		{DB95921B-5C22-4235-A2D6-C652E1A8A123}.Debug|x86.ActiveCfg = Debug|Any CPU
		{DB95921B-5C22-4235-A2D6-C652E1A8A123}.Debug|x86.Build.0 = Debug|Any CPU
		{DB95921B-5C22-4235-A2D6-C652E1A8A123}.Release|Any CPU.ActiveCfg = Release|Any CPU
		{DB95921B-5C22-4235-A2D6-C652E1A8A123}.Release|Any CPU.Build.0 = Release|Any CPU
		{DB95921B-5C22-4235-A2D6-C652E1A8A123}.Release|x86.ActiveCfg = Release|Any CPU
		{DB95921B-5C22-4235-A2D6-C652E1A8A123}.Release|x86.Build.0 = Release|Any CPU
	EndGlobalSection
	GlobalSection(SolutionProperties) = preSolution
		HideSolutionNode = FALSE
	EndGlobalSection
	GlobalSection(ExtensibilityGlobals) = postSolution
		SolutionGuid = {82B8A575-F59D-41C8-A1A9-E0640E3CCF54}
	EndGlobalSection
EndGlobal
